// !$*UTF8*$!
{
	archiveVersion = 1;
	classes = {
	};
	objectVersion = 50;
	objects = {

/* Begin PBXBuildFile section */
		133F873C25854CA10085DE3F /* FavoriteButton.swift in Sources */ = {isa = PBXBuildFile; fileRef = 133F873B25854CA10085DE3F /* FavoriteButton.swift */; };
		133F8742258575A40085DE3F /* HexagonParameters.swift in Sources */ = {isa = PBXBuildFile; fileRef = 133F8741258575A40085DE3F /* HexagonParameters.swift */; };
		133F87452585771F0085DE3F /* BadgeBackground.swift in Sources */ = {isa = PBXBuildFile; fileRef = 133F87442585771F0085DE3F /* BadgeBackground.swift */; };
		133F874C258580C20085DE3F /* BadgeSymbol.swift in Sources */ = {isa = PBXBuildFile; fileRef = 133F874B258580C20085DE3F /* BadgeSymbol.swift */; };
		133F874F2585A04F0085DE3F /* RotatedBadgeSymbol.swift in Sources */ = {isa = PBXBuildFile; fileRef = 133F874E2585A04F0085DE3F /* RotatedBadgeSymbol.swift */; };
		133F87522585A0E60085DE3F /* Badge.swift in Sources */ = {isa = PBXBuildFile; fileRef = 133F87512585A0E60085DE3F /* Badge.swift */; };
		13D4E04825853CA000DC0CF2 /* LandmarkApp.swift in Sources */ = {isa = PBXBuildFile; fileRef = 13D4E04725853CA000DC0CF2 /* LandmarkApp.swift */; };
		13D4E04A25853CA000DC0CF2 /* ContentView.swift in Sources */ = {isa = PBXBuildFile; fileRef = 13D4E04925853CA000DC0CF2 /* ContentView.swift */; };
		13D4E04C25853CA100DC0CF2 /* Assets.xcassets in Resources */ = {isa = PBXBuildFile; fileRef = 13D4E04B25853CA100DC0CF2 /* Assets.xcassets */; };
		13D4E04F25853CA100DC0CF2 /* Preview Assets.xcassets in Resources */ = {isa = PBXBuildFile; fileRef = 13D4E04E25853CA100DC0CF2 /* Preview Assets.xcassets */; };
		13D4E05C25853D7500DC0CF2 /* Landmark.swift in Sources */ = {isa = PBXBuildFile; fileRef = 13D4E05A25853D7500DC0CF2 /* Landmark.swift */; };
		13D4E05D25853D7500DC0CF2 /* ModelData.swift in Sources */ = {isa = PBXBuildFile; fileRef = 13D4E05B25853D7500DC0CF2 /* ModelData.swift */; };
		13D4E06425853D9600DC0CF2 /* LandmarkRow.swift in Sources */ = {isa = PBXBuildFile; fileRef = 13D4E05F25853D9600DC0CF2 /* LandmarkRow.swift */; };
		13D4E06525853D9600DC0CF2 /* CircleImage.swift in Sources */ = {isa = PBXBuildFile; fileRef = 13D4E06025853D9600DC0CF2 /* CircleImage.swift */; };
		13D4E06625853D9600DC0CF2 /* MapView.swift in Sources */ = {isa = PBXBuildFile; fileRef = 13D4E06125853D9600DC0CF2 /* MapView.swift */; };
		13D4E06725853D9600DC0CF2 /* LandmarkDetail.swift in Sources */ = {isa = PBXBuildFile; fileRef = 13D4E06225853D9600DC0CF2 /* LandmarkDetail.swift */; };
		13D4E06825853D9600DC0CF2 /* LandmarkList.swift in Sources */ = {isa = PBXBuildFile; fileRef = 13D4E06325853D9600DC0CF2 /* LandmarkList.swift */; };
		13D4E06B25853D9E00DC0CF2 /* landmarkData.json in Resources */ = {isa = PBXBuildFile; fileRef = 13D4E06A25853D9E00DC0CF2 /* landmarkData.json */; };
/* End PBXBuildFile section */

/* Begin PBXFileReference section */
		133F873B25854CA10085DE3F /* FavoriteButton.swift */ = {isa = PBXFileReference; lastKnownFileType = sourcecode.swift; path = FavoriteButton.swift; sourceTree = "<group>"; };
		133F8741258575A40085DE3F /* HexagonParameters.swift */ = {isa = PBXFileReference; lastKnownFileType = sourcecode.swift; path = HexagonParameters.swift; sourceTree = "<group>"; };
		133F87442585771F0085DE3F /* BadgeBackground.swift */ = {isa = PBXFileReference; lastKnownFileType = sourcecode.swift; path = BadgeBackground.swift; sourceTree = "<group>"; };
		133F874B258580C20085DE3F /* BadgeSymbol.swift */ = {isa = PBXFileReference; lastKnownFileType = sourcecode.swift; path = BadgeSymbol.swift; sourceTree = "<group>"; };
		133F874E2585A04F0085DE3F /* RotatedBadgeSymbol.swift */ = {isa = PBXFileReference; lastKnownFileType = sourcecode.swift; path = RotatedBadgeSymbol.swift; sourceTree = "<group>"; };
		133F87512585A0E60085DE3F /* Badge.swift */ = {isa = PBXFileReference; lastKnownFileType = sourcecode.swift; path = Badge.swift; sourceTree = "<group>"; };
		13D4E04425853CA000DC0CF2 /* Landmark.app */ = {isa = PBXFileReference; explicitFileType = wrapper.application; includeInIndex = 0; path = Landmark.app; sourceTree = BUILT_PRODUCTS_DIR; };
		13D4E04725853CA000DC0CF2 /* LandmarkApp.swift */ = {isa = PBXFileReference; lastKnownFileType = sourcecode.swift; path = LandmarkApp.swift; sourceTree = "<group>"; };
		13D4E04925853CA000DC0CF2 /* ContentView.swift */ = {isa = PBXFileReference; lastKnownFileType = sourcecode.swift; path = ContentView.swift; sourceTree = "<group>"; };
		13D4E04B25853CA100DC0CF2 /* Assets.xcassets */ = {isa = PBXFileReference; lastKnownFileType = folder.assetcatalog; path = Assets.xcassets; sourceTree = "<group>"; };
		13D4E04E25853CA100DC0CF2 /* Preview Assets.xcassets */ = {isa = PBXFileReference; lastKnownFileType = folder.assetcatalog; path = "Preview Assets.xcassets"; sourceTree = "<group>"; };
		13D4E05025853CA100DC0CF2 /* Info.plist */ = {isa = PBXFileReference; lastKnownFileType = text.plist.xml; path = Info.plist; sourceTree = "<group>"; };
		13D4E05A25853D7500DC0CF2 /* Landmark.swift */ = {isa = PBXFileReference; fileEncoding = 4; lastKnownFileType = sourcecode.swift; path = Landmark.swift; sourceTree = "<group>"; };
		13D4E05B25853D7500DC0CF2 /* ModelData.swift */ = {isa = PBXFileReference; fileEncoding = 4; lastKnownFileType = sourcecode.swift; path = ModelData.swift; sourceTree = "<group>"; };
		13D4E05F25853D9600DC0CF2 /* LandmarkRow.swift */ = {isa = PBXFileReference; fileEncoding = 4; lastKnownFileType = sourcecode.swift; path = LandmarkRow.swift; sourceTree = "<group>"; };
		13D4E06025853D9600DC0CF2 /* CircleImage.swift */ = {isa = PBXFileReference; fileEncoding = 4; lastKnownFileType = sourcecode.swift; path = CircleImage.swift; sourceTree = "<group>"; };
		13D4E06125853D9600DC0CF2 /* MapView.swift */ = {isa = PBXFileReference; fileEncoding = 4; lastKnownFileType = sourcecode.swift; path = MapView.swift; sourceTree = "<group>"; };
		13D4E06225853D9600DC0CF2 /* LandmarkDetail.swift */ = {isa = PBXFileReference; fileEncoding = 4; lastKnownFileType = sourcecode.swift; path = LandmarkDetail.swift; sourceTree = "<group>"; };
		13D4E06325853D9600DC0CF2 /* LandmarkList.swift */ = {isa = PBXFileReference; fileEncoding = 4; lastKnownFileType = sourcecode.swift; path = LandmarkList.swift; sourceTree = "<group>"; };
		13D4E06A25853D9E00DC0CF2 /* landmarkData.json */ = {isa = PBXFileReference; fileEncoding = 4; lastKnownFileType = text.json; path = landmarkData.json; sourceTree = "<group>"; };
/* End PBXFileReference section */

/* Begin PBXFrameworksBuildPhase section */
		13D4E04125853CA000DC0CF2 /* Frameworks */ = {
			isa = PBXFrameworksBuildPhase;
			buildActionMask = 2147483647;
			files = (
			);
			runOnlyForDeploymentPostprocessing = 0;
		};
/* End PBXFrameworksBuildPhase section */

/* Begin PBXGroup section */
		133F873E25854D5F0085DE3F /* Helpers */ = {
			isa = PBXGroup;
			children = (
				13D4E06025853D9600DC0CF2 /* CircleImage.swift */,
				133F873B25854CA10085DE3F /* FavoriteButton.swift */,
				13D4E06125853D9600DC0CF2 /* MapView.swift */,
			);
			path = Helpers;
			sourceTree = "<group>";
		};
		133F873F25854D690085DE3F /* Landmarks */ = {
			isa = PBXGroup;
			children = (
				13D4E06225853D9600DC0CF2 /* LandmarkDetail.swift */,
				13D4E06325853D9600DC0CF2 /* LandmarkList.swift */,
				13D4E05F25853D9600DC0CF2 /* LandmarkRow.swift */,
			);
			path = Landmarks;
			sourceTree = "<group>";
		};
		133F87542585A3140085DE3F /* Badges */ = {
			isa = PBXGroup;
			children = (
				133F87442585771F0085DE3F /* BadgeBackground.swift */,
				133F874B258580C20085DE3F /* BadgeSymbol.swift */,
				133F87512585A0E60085DE3F /* Badge.swift */,
				133F874E2585A04F0085DE3F /* RotatedBadgeSymbol.swift */,
				133F8741258575A40085DE3F /* HexagonParameters.swift */,
			);
			path = Badges;
			sourceTree = "<group>";
		};
		13D4E03B25853CA000DC0CF2 = {
			isa = PBXGroup;
			children = (
				13D4E04625853CA000DC0CF2 /* Landmark */,
				13D4E04525853CA000DC0CF2 /* Products */,
			);
			sourceTree = "<group>";
		};
		13D4E04525853CA000DC0CF2 /* Products */ = {
			isa = PBXGroup;
			children = (
				13D4E04425853CA000DC0CF2 /* Landmark.app */,
			);
			name = Products;
			sourceTree = "<group>";
		};
		13D4E04625853CA000DC0CF2 /* Landmark */ = {
			isa = PBXGroup;
			children = (
				13D4E04725853CA000DC0CF2 /* LandmarkApp.swift */,
				13D4E05925853D6800DC0CF2 /* Model */,
				13D4E05825853D5C00DC0CF2 /* Resources */,
				13D4E05725853D5700DC0CF2 /* Views */,
				13D4E04B25853CA100DC0CF2 /* Assets.xcassets */,
				13D4E05025853CA100DC0CF2 /* Info.plist */,
				13D4E04D25853CA100DC0CF2 /* Preview Content */,
			);
			path = Landmark;
			sourceTree = "<group>";
		};
		13D4E04D25853CA100DC0CF2 /* Preview Content */ = {
			isa = PBXGroup;
			children = (
				13D4E04E25853CA100DC0CF2 /* Preview Assets.xcassets */,
			);
			path = "Preview Content";
			sourceTree = "<group>";
		};
		13D4E05725853D5700DC0CF2 /* Views */ = {
			isa = PBXGroup;
			children = (
				13D4E04925853CA000DC0CF2 /* ContentView.swift */,
				133F87542585A3140085DE3F /* Badges */,
				133F873F25854D690085DE3F /* Landmarks */,
				133F873E25854D5F0085DE3F /* Helpers */,
			);
			path = Views;
			sourceTree = "<group>";
		};
		13D4E05825853D5C00DC0CF2 /* Resources */ = {
			isa = PBXGroup;
			children = (
				13D4E06A25853D9E00DC0CF2 /* landmarkData.json */,
			);
			path = Resources;
			sourceTree = "<group>";
		};
		13D4E05925853D6800DC0CF2 /* Model */ = {
			isa = PBXGroup;
			children = (
				13D4E05A25853D7500DC0CF2 /* Landmark.swift */,
				13D4E05B25853D7500DC0CF2 /* ModelData.swift */,
			);
			path = Model;
			sourceTree = "<group>";
		};
/* End PBXGroup section */

/* Begin PBXNativeTarget section */
		13D4E04325853CA000DC0CF2 /* Landmark */ = {
			isa = PBXNativeTarget;
			buildConfigurationList = 13D4E05325853CA100DC0CF2 /* Build configuration list for PBXNativeTarget "Landmark" */;
			buildPhases = (
				13D4E04025853CA000DC0CF2 /* Sources */,
				13D4E04125853CA000DC0CF2 /* Frameworks */,
				13D4E04225853CA000DC0CF2 /* Resources */,
			);
			buildRules = (
			);
			dependencies = (
			);
			name = Landmark;
			productName = Landmark;
			productReference = 13D4E04425853CA000DC0CF2 /* Landmark.app */;
			productType = "com.apple.product-type.application";
		};
/* End PBXNativeTarget section */

/* Begin PBXProject section */
		13D4E03C25853CA000DC0CF2 /* Project object */ = {
			isa = PBXProject;
			attributes = {
				LastSwiftUpdateCheck = 1220;
				LastUpgradeCheck = 1220;
				TargetAttributes = {
					13D4E04325853CA000DC0CF2 = {
						CreatedOnToolsVersion = 12.2;
					};
				};
			};
			buildConfigurationList = 13D4E03F25853CA000DC0CF2 /* Build configuration list for PBXProject "Landmark" */;
			compatibilityVersion = "Xcode 9.3";
			developmentRegion = en;
			hasScannedForEncodings = 0;
			knownRegions = (
				en,
				Base,
			);
			mainGroup = 13D4E03B25853CA000DC0CF2;
			productRefGroup = 13D4E04525853CA000DC0CF2 /* Products */;
			projectDirPath = "";
			projectRoot = "";
			targets = (
				13D4E04325853CA000DC0CF2 /* Landmark */,
			);
		};
/* End PBXProject section */

/* Begin PBXResourcesBuildPhase section */
		13D4E04225853CA000DC0CF2 /* Resources */ = {
			isa = PBXResourcesBuildPhase;
			buildActionMask = 2147483647;
			files = (
				13D4E04F25853CA100DC0CF2 /* Preview Assets.xcassets in Resources */,
				13D4E04C25853CA100DC0CF2 /* Assets.xcassets in Resources */,
				13D4E06B25853D9E00DC0CF2 /* landmarkData.json in Resources */,
			);
			runOnlyForDeploymentPostprocessing = 0;
		};
/* End PBXResourcesBuildPhase section */

/* Begin PBXSourcesBuildPhase section */
		13D4E04025853CA000DC0CF2 /* Sources */ = {
			isa = PBXSourcesBuildPhase;
			buildActionMask = 2147483647;
			files = (
				13D4E06625853D9600DC0CF2 /* MapView.swift in Sources */,
				133F87522585A0E60085DE3F /* Badge.swift in Sources */,
				13D4E04A25853CA000DC0CF2 /* ContentView.swift in Sources */,
				13D4E05D25853D7500DC0CF2 /* ModelData.swift in Sources */,
				133F873C25854CA10085DE3F /* FavoriteButton.swift in Sources */,
				133F8742258575A40085DE3F /* HexagonParameters.swift in Sources */,
				133F874F2585A04F0085DE3F /* RotatedBadgeSymbol.swift in Sources */,
				133F874C258580C20085DE3F /* BadgeSymbol.swift in Sources */,
				13D4E04825853CA000DC0CF2 /* LandmarkApp.swift in Sources */,
				13D4E06825853D9600DC0CF2 /* LandmarkList.swift in Sources */,
				133F87452585771F0085DE3F /* BadgeBackground.swift in Sources */,
				13D4E06725853D9600DC0CF2 /* LandmarkDetail.swift in Sources */,
				13D4E06425853D9600DC0CF2 /* LandmarkRow.swift in Sources */,
				13D4E05C25853D7500DC0CF2 /* Landmark.swift in Sources */,
				13D4E06525853D9600DC0CF2 /* CircleImage.swift in Sources */,
			);
			runOnlyForDeploymentPostprocessing = 0;
		};
/* End PBXSourcesBuildPhase section */

/* Begin XCBuildConfiguration section */
		13D4E05125853CA100DC0CF2 /* Debug */ = {
			isa = XCBuildConfiguration;
			buildSettings = {
				ALWAYS_SEARCH_USER_PATHS = NO;
				CLANG_ANALYZER_NONNULL = YES;
				CLANG_ANALYZER_NUMBER_OBJECT_CONVERSION = YES_AGGRESSIVE;
				CLANG_CXX_LANGUAGE_STANDARD = "gnu++14";
				CLANG_CXX_LIBRARY = "libc++";
				CLANG_ENABLE_MODULES = YES;
				CLANG_ENABLE_OBJC_ARC = YES;
				CLANG_ENABLE_OBJC_WEAK = YES;
				CLANG_WARN_BLOCK_CAPTURE_AUTORELEASING = YES;
				CLANG_WARN_BOOL_CONVERSION = YES;
				CLANG_WARN_COMMA = YES;
				CLANG_WARN_CONSTANT_CONVERSION = YES;
				CLANG_WARN_DEPRECATED_OBJC_IMPLEMENTATIONS = YES;
				CLANG_WARN_DIRECT_OBJC_ISA_USAGE = YES_ERROR;
				CLANG_WARN_DOCUMENTATION_COMMENTS = YES;
				CLANG_WARN_EMPTY_BODY = YES;
				CLANG_WARN_ENUM_CONVERSION = YES;
				CLANG_WARN_INFINITE_RECURSION = YES;
				CLANG_WARN_INT_CONVERSION = YES;
				CLANG_WARN_NON_LITERAL_NULL_CONVERSION = YES;
				CLANG_WARN_OBJC_IMPLICIT_RETAIN_SELF = YES;
				CLANG_WARN_OBJC_LITERAL_CONVERSION = YES;
				CLANG_WARN_OBJC_ROOT_CLASS = YES_ERROR;
				CLANG_WARN_QUOTED_INCLUDE_IN_FRAMEWORK_HEADER = YES;
				CLANG_WARN_RANGE_LOOP_ANALYSIS = YES;
				CLANG_WARN_STRICT_PROTOTYPES = YES;
				CLANG_WARN_SUSPICIOUS_MOVE = YES;
				CLANG_WARN_UNGUARDED_AVAILABILITY = YES_AGGRESSIVE;
				CLANG_WARN_UNREACHABLE_CODE = YES;
				CLANG_WARN__DUPLICATE_METHOD_MATCH = YES;
				COPY_PHASE_STRIP = NO;
				DEBUG_INFORMATION_FORMAT = dwarf;
				ENABLE_STRICT_OBJC_MSGSEND = YES;
				ENABLE_TESTABILITY = YES;
				GCC_C_LANGUAGE_STANDARD = gnu11;
				GCC_DYNAMIC_NO_PIC = NO;
				GCC_NO_COMMON_BLOCKS = YES;
				GCC_OPTIMIZATION_LEVEL = 0;
				GCC_PREPROCESSOR_DEFINITIONS = (
					"DEBUG=1",
					"$(inherited)",
				);
				GCC_WARN_64_TO_32_BIT_CONVERSION = YES;
				GCC_WARN_ABOUT_RETURN_TYPE = YES_ERROR;
				GCC_WARN_UNDECLARED_SELECTOR = YES;
				GCC_WARN_UNINITIALIZED_AUTOS = YES_AGGRESSIVE;
				GCC_WARN_UNUSED_FUNCTION = YES;
				GCC_WARN_UNUSED_VARIABLE = YES;
				IPHONEOS_DEPLOYMENT_TARGET = 14.2;
				MTL_ENABLE_DEBUG_INFO = INCLUDE_SOURCE;
				MTL_FAST_MATH = YES;
				ONLY_ACTIVE_ARCH = YES;
				SDKROOT = iphoneos;
				SWIFT_ACTIVE_COMPILATION_CONDITIONS = DEBUG;
				SWIFT_OPTIMIZATION_LEVEL = "-Onone";
			};
			name = Debug;
		};
		13D4E05225853CA100DC0CF2 /* Release */ = {
			isa = XCBuildConfiguration;
			buildSettings = {
				ALWAYS_SEARCH_USER_PATHS = NO;
				CLANG_ANALYZER_NONNULL = YES;
				CLANG_ANALYZER_NUMBER_OBJECT_CONVERSION = YES_AGGRESSIVE;
				CLANG_CXX_LANGUAGE_STANDARD = "gnu++14";
				CLANG_CXX_LIBRARY = "libc++";
				CLANG_ENABLE_MODULES = YES;
				CLANG_ENABLE_OBJC_ARC = YES;
				CLANG_ENABLE_OBJC_WEAK = YES;
				CLANG_WARN_BLOCK_CAPTURE_AUTORELEASING = YES;
				CLANG_WARN_BOOL_CONVERSION = YES;
				CLANG_WARN_COMMA = YES;
				CLANG_WARN_CONSTANT_CONVERSION = YES;
				CLANG_WARN_DEPRECATED_OBJC_IMPLEMENTATIONS = YES;
				CLANG_WARN_DIRECT_OBJC_ISA_USAGE = YES_ERROR;
				CLANG_WARN_DOCUMENTATION_COMMENTS = YES;
				CLANG_WARN_EMPTY_BODY = YES;
				CLANG_WARN_ENUM_CONVERSION = YES;
				CLANG_WARN_INFINITE_RECURSION = YES;
				CLANG_WARN_INT_CONVERSION = YES;
				CLANG_WARN_NON_LITERAL_NULL_CONVERSION = YES;
				CLANG_WARN_OBJC_IMPLICIT_RETAIN_SELF = YES;
				CLANG_WARN_OBJC_LITERAL_CONVERSION = YES;
				CLANG_WARN_OBJC_ROOT_CLASS = YES_ERROR;
				CLANG_WARN_QUOTED_INCLUDE_IN_FRAMEWORK_HEADER = YES;
				CLANG_WARN_RANGE_LOOP_ANALYSIS = YES;
				CLANG_WARN_STRICT_PROTOTYPES = YES;
				CLANG_WARN_SUSPICIOUS_MOVE = YES;
				CLANG_WARN_UNGUARDED_AVAILABILITY = YES_AGGRESSIVE;
				CLANG_WARN_UNREACHABLE_CODE = YES;
				CLANG_WARN__DUPLICATE_METHOD_MATCH = YES;
				COPY_PHASE_STRIP = NO;
				DEBUG_INFORMATION_FORMAT = "dwarf-with-dsym";
				ENABLE_NS_ASSERTIONS = NO;
				ENABLE_STRICT_OBJC_MSGSEND = YES;
				GCC_C_LANGUAGE_STANDARD = gnu11;
				GCC_NO_COMMON_BLOCKS = YES;
				GCC_WARN_64_TO_32_BIT_CONVERSION = YES;
				GCC_WARN_ABOUT_RETURN_TYPE = YES_ERROR;
				GCC_WARN_UNDECLARED_SELECTOR = YES;
				GCC_WARN_UNINITIALIZED_AUTOS = YES_AGGRESSIVE;
				GCC_WARN_UNUSED_FUNCTION = YES;
				GCC_WARN_UNUSED_VARIABLE = YES;
				IPHONEOS_DEPLOYMENT_TARGET = 14.2;
				MTL_ENABLE_DEBUG_INFO = NO;
				MTL_FAST_MATH = YES;
				SDKROOT = iphoneos;
				SWIFT_COMPILATION_MODE = wholemodule;
				SWIFT_OPTIMIZATION_LEVEL = "-O";
				VALIDATE_PRODUCT = YES;
			};
			name = Release;
		};
		13D4E05425853CA100DC0CF2 /* Debug */ = {
			isa = XCBuildConfiguration;
			buildSettings = {
				ASSETCATALOG_COMPILER_APPICON_NAME = AppIcon;
				ASSETCATALOG_COMPILER_GLOBAL_ACCENT_COLOR_NAME = AccentColor;
				CODE_SIGN_STYLE = Automatic;
				DEVELOPMENT_ASSET_PATHS = "\"Landmark/Preview Content\"";
				ENABLE_PREVIEWS = YES;
				INFOPLIST_FILE = Landmark/Info.plist;
				IPHONEOS_DEPLOYMENT_TARGET = 14.0;
				LD_RUNPATH_SEARCH_PATHS = (
					"$(inherited)",
					"@executable_path/Frameworks",
				);
				PRODUCT_BUNDLE_IDENTIFIER = "com.example.apple-samplecode.Landmark";
				PRODUCT_NAME = "$(TARGET_NAME)";
				SWIFT_VERSION = 5.0;
				TARGETED_DEVICE_FAMILY = "1,2";
			};
			name = Debug;
		};
		13D4E05525853CA100DC0CF2 /* Release */ = {
			isa = XCBuildConfiguration;
			buildSettings = {
				ASSETCATALOG_COMPILER_APPICON_NAME = AppIcon;
				ASSETCATALOG_COMPILER_GLOBAL_ACCENT_COLOR_NAME = AccentColor;
				CODE_SIGN_STYLE = Automatic;
				DEVELOPMENT_ASSET_PATHS = "\"Landmark/Preview Content\"";
				ENABLE_PREVIEWS = YES;
				INFOPLIST_FILE = Landmark/Info.plist;
				IPHONEOS_DEPLOYMENT_TARGET = 14.0;
				LD_RUNPATH_SEARCH_PATHS = (
					"$(inherited)",
					"@executable_path/Frameworks",
				);
				PRODUCT_BUNDLE_IDENTIFIER = "com.example.apple-samplecode.Landmark";
				PRODUCT_NAME = "$(TARGET_NAME)";
				SWIFT_VERSION = 5.0;
				TARGETED_DEVICE_FAMILY = "1,2";
			};
			name = Release;
		};
/* End XCBuildConfiguration section */

/* Begin XCConfigurationList section */
		13D4E03F25853CA000DC0CF2 /* Build configuration list for PBXProject "Landmark" */ = {
			isa = XCConfigurationList;
			buildConfigurations = (
				13D4E05125853CA100DC0CF2 /* Debug */,
				13D4E05225853CA100DC0CF2 /* Release */,
			);
			defaultConfigurationIsVisible = 0;
			defaultConfigurationName = Release;
		};
		13D4E05325853CA100DC0CF2 /* Build configuration list for PBXNativeTarget "Landmark" */ = {
			isa = XCConfigurationList;
			buildConfigurations = (
				13D4E05425853CA100DC0CF2 /* Debug */,
				13D4E05525853CA100DC0CF2 /* Release */,
			);
			defaultConfigurationIsVisible = 0;
			defaultConfigurationName = Release;
		};
/* End XCConfigurationList section */
	};
	rootObject = 13D4E03C25853CA000DC0CF2 /* Project object */;
}
